
Microsoft Visual Studio Solution File, Format Version 12.00
# Visual Studio Version 17
VisualStudioVersion = 17.11.35222.181
MinimumVisualStudioVersion = 10.0.40219.1
Project("{9A19103F-16F7-4668-BE54-9A1E7A4F7556}") = "01", "01\01.csproj", "{1B8CA7FF-6E77-44EC-A80E-7E9BB6BB071E}"
EndProject
Project("{9A19103F-16F7-4668-BE54-9A1E7A4F7556}") = "02", "02\02.csproj", "{22F15F2E-2B05-465D-8B1F-CC4CF3E95CC9}"
EndProject
Project("{9A19103F-16F7-4668-BE54-9A1E7A4F7556}") = "03", "03\03.csproj", "{1F3F8433-E2E3-400B-B2AD-00A0A24139D8}"
EndProject
Project("{9A19103F-16F7-4668-BE54-9A1E7A4F7556}") = "04", "04\04.csproj", "{F4AA3A2E-A6A4-4E27-AF20-5BD5A46BD6DE}"
EndProject
Project("{9A19103F-16F7-4668-BE54-9A1E7A4F7556}") = "05", "05\05.csproj", "{D1F59781-D9CB-487D-9FF8-CEE99D6EFBB1}"
EndProject
Project("{9A19103F-16F7-4668-BE54-9A1E7A4F7556}") = "06", "06\06.csproj", "{C0C8DA4A-5B75-43FF-9EB0-293B5777C269}"
EndProject
Project("{9A19103F-16F7-4668-BE54-9A1E7A4F7556}") = "07", "07\07.csproj", "{2ADBD287-A7CC-45C7-87D4-10C32BEE5B14}"
EndProject
Project("{9A19103F-16F7-4668-BE54-9A1E7A4F7556}") = "09", "09\09.csproj", "{49E78687-3252-4FF8-911B-C60A4A62614B}"
EndProject
Project("{9A19103F-16F7-4668-BE54-9A1E7A4F7556}") = "08", "ConsoleApp1\08.csproj", "{4C9AFFDA-CCEE-4E9B-9FAC-B5D20E2C6290}"
EndProject
Project("{9A19103F-16F7-4668-BE54-9A1E7A4F7556}") = "10", "10\10.csproj", "{52CF9966-5E68-491F-AB0C-9D02E548983A}"
EndProject
Project("{9A19103F-16F7-4668-BE54-9A1E7A4F7556}") = "11", "11\11.csproj", "{E235297E-CC40-4119-95B6-44AAC1CB04A7}"
EndProject
Project("{9A19103F-16F7-4668-BE54-9A1E7A4F7556}") = "12", "12\12.csproj", "{5242AFD1-144D-4D4B-AB05-5139E5EEE107}"
EndProject
Project("{9A19103F-16F7-4668-BE54-9A1E7A4F7556}") = "13", "13\13.csproj", "{506D6E02-3124-4658-85D1-058C7EB76DCA}"
EndProject
Project("{9A19103F-16F7-4668-BE54-9A1E7A4F7556}") = "14", "14\14.csproj", "{7D3906E3-0DAE-47FD-844F-79FBBEAB25CE}"
EndProject
Project("{FAE04EC0-301F-11D3-BF4B-00C04F79EFBC}") = "15", "15\15.csproj", "{20516B0A-CB59-4AC4-B7F2-32F84AF18D60}"
EndProject
Project("{FAE04EC0-301F-11D3-BF4B-00C04F79EFBC}") = "18", "18\18.csproj", "{96262612-3015-4F7A-8FDB-36C42449E75B}"
EndProject
Project("{FAE04EC0-301F-11D3-BF4B-00C04F79EFBC}") = "19", "19\19.csproj", "{730810BE-885B-448F-9EC1-64C7FAB40FA5}"
EndProject
Global
	GlobalSection(SolutionConfigurationPlatforms) = preSolution
		Debug|Any CPU = Debug|Any CPU
		Release|Any CPU = Release|Any CPU
	EndGlobalSection
	GlobalSection(ProjectConfigurationPlatforms) = postSolution
		{1B8CA7FF-6E77-44EC-A80E-7E9BB6BB071E}.Debug|Any CPU.ActiveCfg = Debug|Any CPU
		{1B8CA7FF-6E77-44EC-A80E-7E9BB6BB071E}.Debug|Any CPU.Build.0 = Debug|Any CPU
		{1B8CA7FF-6E77-44EC-A80E-7E9BB6BB071E}.Release|Any CPU.ActiveCfg = Release|Any CPU
		{1B8CA7FF-6E77-44EC-A80E-7E9BB6BB071E}.Release|Any CPU.Build.0 = Release|Any CPU
		{22F15F2E-2B05-465D-8B1F-CC4CF3E95CC9}.Debug|Any CPU.ActiveCfg = Debug|Any CPU
		{22F15F2E-2B05-465D-8B1F-CC4CF3E95CC9}.Debug|Any CPU.Build.0 = Debug|Any CPU
		{22F15F2E-2B05-465D-8B1F-CC4CF3E95CC9}.Release|Any CPU.ActiveCfg = Release|Any CPU
		{22F15F2E-2B05-465D-8B1F-CC4CF3E95CC9}.Release|Any CPU.Build.0 = Release|Any CPU
		{1F3F8433-E2E3-400B-B2AD-00A0A24139D8}.Debug|Any CPU.ActiveCfg = Debug|Any CPU
		{1F3F8433-E2E3-400B-B2AD-00A0A24139D8}.Debug|Any CPU.Build.0 = Debug|Any CPU
		{1F3F8433-E2E3-400B-B2AD-00A0A24139D8}.Release|Any CPU.ActiveCfg = Release|Any CPU
		{1F3F8433-E2E3-400B-B2AD-00A0A24139D8}.Release|Any CPU.Build.0 = Release|Any CPU
		{F4AA3A2E-A6A4-4E27-AF20-5BD5A46BD6DE}.Debug|Any CPU.ActiveCfg = Debug|Any CPU
		{F4AA3A2E-A6A4-4E27-AF20-5BD5A46BD6DE}.Debug|Any CPU.Build.0 = Debug|Any CPU
		{F4AA3A2E-A6A4-4E27-AF20-5BD5A46BD6DE}.Release|Any CPU.ActiveCfg = Release|Any CPU
		{F4AA3A2E-A6A4-4E27-AF20-5BD5A46BD6DE}.Release|Any CPU.Build.0 = Release|Any CPU
		{D1F59781-D9CB-487D-9FF8-CEE99D6EFBB1}.Debug|Any CPU.ActiveCfg = Debug|Any CPU
		{D1F59781-D9CB-487D-9FF8-CEE99D6EFBB1}.Debug|Any CPU.Build.0 = Debug|Any CPU
		{D1F59781-D9CB-487D-9FF8-CEE99D6EFBB1}.Release|Any CPU.ActiveCfg = Release|Any CPU
		{D1F59781-D9CB-487D-9FF8-CEE99D6EFBB1}.Release|Any CPU.Build.0 = Release|Any CPU
		{C0C8DA4A-5B75-43FF-9EB0-293B5777C269}.Debug|Any CPU.ActiveCfg = Debug|Any CPU
		{C0C8DA4A-5B75-43FF-9EB0-293B5777C269}.Debug|Any CPU.Build.0 = Debug|Any CPU
		{C0C8DA4A-5B75-43FF-9EB0-293B5777C269}.Release|Any CPU.ActiveCfg = Release|Any CPU
		{C0C8DA4A-5B75-43FF-9EB0-293B5777C269}.Release|Any CPU.Build.0 = Release|Any CPU
		{2ADBD287-A7CC-45C7-87D4-10C32BEE5B14}.Debug|Any CPU.ActiveCfg = Debug|Any CPU
		{2ADBD287-A7CC-45C7-87D4-10C32BEE5B14}.Debug|Any CPU.Build.0 = Debug|Any CPU
		{2ADBD287-A7CC-45C7-87D4-10C32BEE5B14}.Release|Any CPU.ActiveCfg = Release|Any CPU
		{2ADBD287-A7CC-45C7-87D4-10C32BEE5B14}.Release|Any CPU.Build.0 = Release|Any CPU
		{49E78687-3252-4FF8-911B-C60A4A62614B}.Debug|Any CPU.ActiveCfg = Debug|Any CPU
		{49E78687-3252-4FF8-911B-C60A4A62614B}.Debug|Any CPU.Build.0 = Debug|Any CPU
		{49E78687-3252-4FF8-911B-C60A4A62614B}.Release|Any CPU.ActiveCfg = Release|Any CPU
		{49E78687-3252-4FF8-911B-C60A4A62614B}.Release|Any CPU.Build.0 = Release|Any CPU
		{4C9AFFDA-CCEE-4E9B-9FAC-B5D20E2C6290}.Debug|Any CPU.ActiveCfg = Debug|Any CPU
		{4C9AFFDA-CCEE-4E9B-9FAC-B5D20E2C6290}.Debug|Any CPU.Build.0 = Debug|Any CPU
		{4C9AFFDA-CCEE-4E9B-9FAC-B5D20E2C6290}.Release|Any CPU.ActiveCfg = Release|Any CPU
		{4C9AFFDA-CCEE-4E9B-9FAC-B5D20E2C6290}.Release|Any CPU.Build.0 = Release|Any CPU
		{52CF9966-5E68-491F-AB0C-9D02E548983A}.Debug|Any CPU.ActiveCfg = Debug|Any CPU
		{52CF9966-5E68-491F-AB0C-9D02E548983A}.Debug|Any CPU.Build.0 = Debug|Any CPU
		{52CF9966-5E68-491F-AB0C-9D02E548983A}.Release|Any CPU.ActiveCfg = Release|Any CPU
		{52CF9966-5E68-491F-AB0C-9D02E548983A}.Release|Any CPU.Build.0 = Release|Any CPU
		{E235297E-CC40-4119-95B6-44AAC1CB04A7}.Debug|Any CPU.ActiveCfg = Debug|Any CPU
		{E235297E-CC40-4119-95B6-44AAC1CB04A7}.Debug|Any CPU.Build.0 = Debug|Any CPU
		{E235297E-CC40-4119-95B6-44AAC1CB04A7}.Release|Any CPU.ActiveCfg = Release|Any CPU
		{E235297E-CC40-4119-95B6-44AAC1CB04A7}.Release|Any CPU.Build.0 = Release|Any CPU
		{5242AFD1-144D-4D4B-AB05-5139E5EEE107}.Debug|Any CPU.ActiveCfg = Debug|Any CPU
		{5242AFD1-144D-4D4B-AB05-5139E5EEE107}.Debug|Any CPU.Build.0 = Debug|Any CPU
		{5242AFD1-144D-4D4B-AB05-5139E5EEE107}.Release|Any CPU.ActiveCfg = Release|Any CPU
		{5242AFD1-144D-4D4B-AB05-5139E5EEE107}.Release|Any CPU.Build.0 = Release|Any CPU
		{506D6E02-3124-4658-85D1-058C7EB76DCA}.Debug|Any CPU.ActiveCfg = Debug|Any CPU
		{506D6E02-3124-4658-85D1-058C7EB76DCA}.Debug|Any CPU.Build.0 = Debug|Any CPU
		{506D6E02-3124-4658-85D1-058C7EB76DCA}.Release|Any CPU.ActiveCfg = Release|Any CPU
		{506D6E02-3124-4658-85D1-058C7EB76DCA}.Release|Any CPU.Build.0 = Release|Any CPU
		{7D3906E3-0DAE-47FD-844F-79FBBEAB25CE}.Debug|Any CPU.ActiveCfg = Debug|Any CPU
		{7D3906E3-0DAE-47FD-844F-79FBBEAB25CE}.Debug|Any CPU.Build.0 = Debug|Any CPU
		{7D3906E3-0DAE-47FD-844F-79FBBEAB25CE}.Release|Any CPU.ActiveCfg = Release|Any CPU
		{7D3906E3-0DAE-47FD-844F-79FBBEAB25CE}.Release|Any CPU.Build.0 = Release|Any CPU
		{20516B0A-CB59-4AC4-B7F2-32F84AF18D60}.Debug|Any CPU.ActiveCfg = Debug|Any CPU
		{20516B0A-CB59-4AC4-B7F2-32F84AF18D60}.Debug|Any CPU.Build.0 = Debug|Any CPU
		{20516B0A-CB59-4AC4-B7F2-32F84AF18D60}.Release|Any CPU.ActiveCfg = Release|Any CPU
		{20516B0A-CB59-4AC4-B7F2-32F84AF18D60}.Release|Any CPU.Build.0 = Release|Any CPU
		{96262612-3015-4F7A-8FDB-36C42449E75B}.Debug|Any CPU.ActiveCfg = Debug|Any CPU
		{96262612-3015-4F7A-8FDB-36C42449E75B}.Debug|Any CPU.Build.0 = Debug|Any CPU
		{96262612-3015-4F7A-8FDB-36C42449E75B}.Release|Any CPU.ActiveCfg = Release|Any CPU
		{96262612-3015-4F7A-8FDB-36C42449E75B}.Release|Any CPU.Build.0 = Release|Any CPU
		{730810BE-885B-448F-9EC1-64C7FAB40FA5}.Debug|Any CPU.ActiveCfg = Debug|Any CPU
		{730810BE-885B-448F-9EC1-64C7FAB40FA5}.Debug|Any CPU.Build.0 = Debug|Any CPU
		{730810BE-885B-448F-9EC1-64C7FAB40FA5}.Release|Any CPU.ActiveCfg = Release|Any CPU
		{730810BE-885B-448F-9EC1-64C7FAB40FA5}.Release|Any CPU.Build.0 = Release|Any CPU
	EndGlobalSection
	GlobalSection(SolutionProperties) = preSolution
		HideSolutionNode = FALSE
	EndGlobalSection
	GlobalSection(ExtensibilityGlobals) = postSolution
		SolutionGuid = {56D1CDB8-46C9-44A5-9B26-F8FEA66E533D}
	EndGlobalSection
EndGlobal
