
Microsoft Visual Studio Solution File, Format Version 12.00
# Visual Studio Version 17
VisualStudioVersion = 17.11.35222.181
MinimumVisualStudioVersion = 10.0.40219.1
Project("{9A19103F-16F7-4668-BE54-9A1E7A4F7556}") = "01", "01\01.csproj", "{60E8BA14-0C6A-4CD5-8EFA-0E47527C6250}"
EndProject
Project("{9A19103F-16F7-4668-BE54-9A1E7A4F7556}") = "02", "02\02.csproj", "{AA938DE3-8E4A-4797-A618-23B099863F6F}"
EndProject
Project("{9A19103F-16F7-4668-BE54-9A1E7A4F7556}") = "03", "03\03.csproj", "{5910FA55-4174-44C8-B8F4-16B9B69B7AE9}"
EndProject
Project("{9A19103F-16F7-4668-BE54-9A1E7A4F7556}") = "04", "04\04.csproj", "{ECAAD84E-3D09-4305-A393-EF79419E80BF}"
EndProject
Project("{9A19103F-16F7-4668-BE54-9A1E7A4F7556}") = "05", "05\05.csproj", "{A5EE8CB4-151C-4E64-A87F-01838847D8CE}"
EndProject
Project("{9A19103F-16F7-4668-BE54-9A1E7A4F7556}") = "06", "06()\06.csproj", "{F67DFC78-B7C9-406A-BBC3-F859F17773AD}"
EndProject
Project("{9A19103F-16F7-4668-BE54-9A1E7A4F7556}") = "07", "07\07.csproj", "{0363A29E-B715-43EA-8C15-F1A02C3FEAF1}"
EndProject
Project("{9A19103F-16F7-4668-BE54-9A1E7A4F7556}") = "08,09", "08\08,09.csproj", "{3FCAE572-6F55-4C3F-8140-B1E2B015906E}"
EndProject
Project("{9A19103F-16F7-4668-BE54-9A1E7A4F7556}") = "10", "10\10.csproj", "{6A30D43B-88BA-4BEB-A6C4-5266D6F063C4}"
EndProject
Project("{9A19103F-16F7-4668-BE54-9A1E7A4F7556}") = "11", "11\11.csproj", "{18ADEB20-B2E0-474E-A69F-DCD62EDEAA80}"
EndProject
Project("{9A19103F-16F7-4668-BE54-9A1E7A4F7556}") = "12", "12\12.csproj", "{7B6141BD-2A13-4CA9-AABB-38C92AE68819}"
EndProject
Project("{9A19103F-16F7-4668-BE54-9A1E7A4F7556}") = "13", "13\13.csproj", "{BAE80F49-70A9-4F43-ACA0-451D433A5717}"
EndProject
Project("{9A19103F-16F7-4668-BE54-9A1E7A4F7556}") = "14", "14\14.csproj", "{1BB8CE78-E54B-4849-891A-AB9B2CC5BF1F}"
EndProject
Project("{9A19103F-16F7-4668-BE54-9A1E7A4F7556}") = "15", "15\15.csproj", "{FD125DE9-B534-49C4-B09E-53E130DAA956}"
EndProject
Project("{FAE04EC0-301F-11D3-BF4B-00C04F79EFBC}") = "16", "16\16.csproj", "{E4FFA97B-59B1-47B0-87F2-56937867DA0B}"
EndProject
Global
	GlobalSection(SolutionConfigurationPlatforms) = preSolution
		Debug|Any CPU = Debug|Any CPU
		Release|Any CPU = Release|Any CPU
	EndGlobalSection
	GlobalSection(ProjectConfigurationPlatforms) = postSolution
		{60E8BA14-0C6A-4CD5-8EFA-0E47527C6250}.Debug|Any CPU.ActiveCfg = Debug|Any CPU
		{60E8BA14-0C6A-4CD5-8EFA-0E47527C6250}.Debug|Any CPU.Build.0 = Debug|Any CPU
		{60E8BA14-0C6A-4CD5-8EFA-0E47527C6250}.Release|Any CPU.ActiveCfg = Release|Any CPU
		{60E8BA14-0C6A-4CD5-8EFA-0E47527C6250}.Release|Any CPU.Build.0 = Release|Any CPU
		{AA938DE3-8E4A-4797-A618-23B099863F6F}.Debug|Any CPU.ActiveCfg = Debug|Any CPU
		{AA938DE3-8E4A-4797-A618-23B099863F6F}.Debug|Any CPU.Build.0 = Debug|Any CPU
		{AA938DE3-8E4A-4797-A618-23B099863F6F}.Release|Any CPU.ActiveCfg = Release|Any CPU
		{AA938DE3-8E4A-4797-A618-23B099863F6F}.Release|Any CPU.Build.0 = Release|Any CPU
		{5910FA55-4174-44C8-B8F4-16B9B69B7AE9}.Debug|Any CPU.ActiveCfg = Debug|Any CPU
		{5910FA55-4174-44C8-B8F4-16B9B69B7AE9}.Debug|Any CPU.Build.0 = Debug|Any CPU
		{5910FA55-4174-44C8-B8F4-16B9B69B7AE9}.Release|Any CPU.ActiveCfg = Release|Any CPU
		{5910FA55-4174-44C8-B8F4-16B9B69B7AE9}.Release|Any CPU.Build.0 = Release|Any CPU
		{ECAAD84E-3D09-4305-A393-EF79419E80BF}.Debug|Any CPU.ActiveCfg = Debug|Any CPU
		{ECAAD84E-3D09-4305-A393-EF79419E80BF}.Debug|Any CPU.Build.0 = Debug|Any CPU
		{ECAAD84E-3D09-4305-A393-EF79419E80BF}.Release|Any CPU.ActiveCfg = Release|Any CPU
		{ECAAD84E-3D09-4305-A393-EF79419E80BF}.Release|Any CPU.Build.0 = Release|Any CPU
		{A5EE8CB4-151C-4E64-A87F-01838847D8CE}.Debug|Any CPU.ActiveCfg = Debug|Any CPU
		{A5EE8CB4-151C-4E64-A87F-01838847D8CE}.Debug|Any CPU.Build.0 = Debug|Any CPU
		{A5EE8CB4-151C-4E64-A87F-01838847D8CE}.Release|Any CPU.ActiveCfg = Release|Any CPU
		{A5EE8CB4-151C-4E64-A87F-01838847D8CE}.Release|Any CPU.Build.0 = Release|Any CPU
		{F67DFC78-B7C9-406A-BBC3-F859F17773AD}.Debug|Any CPU.ActiveCfg = Debug|Any CPU
		{F67DFC78-B7C9-406A-BBC3-F859F17773AD}.Debug|Any CPU.Build.0 = Debug|Any CPU
		{F67DFC78-B7C9-406A-BBC3-F859F17773AD}.Release|Any CPU.ActiveCfg = Release|Any CPU
		{F67DFC78-B7C9-406A-BBC3-F859F17773AD}.Release|Any CPU.Build.0 = Release|Any CPU
		{0363A29E-B715-43EA-8C15-F1A02C3FEAF1}.Debug|Any CPU.ActiveCfg = Debug|Any CPU
		{0363A29E-B715-43EA-8C15-F1A02C3FEAF1}.Debug|Any CPU.Build.0 = Debug|Any CPU
		{0363A29E-B715-43EA-8C15-F1A02C3FEAF1}.Release|Any CPU.ActiveCfg = Release|Any CPU
		{0363A29E-B715-43EA-8C15-F1A02C3FEAF1}.Release|Any CPU.Build.0 = Release|Any CPU
		{3FCAE572-6F55-4C3F-8140-B1E2B015906E}.Debug|Any CPU.ActiveCfg = Debug|Any CPU
		{3FCAE572-6F55-4C3F-8140-B1E2B015906E}.Debug|Any CPU.Build.0 = Debug|Any CPU
		{3FCAE572-6F55-4C3F-8140-B1E2B015906E}.Release|Any CPU.ActiveCfg = Release|Any CPU
		{3FCAE572-6F55-4C3F-8140-B1E2B015906E}.Release|Any CPU.Build.0 = Release|Any CPU
		{6A30D43B-88BA-4BEB-A6C4-5266D6F063C4}.Debug|Any CPU.ActiveCfg = Debug|Any CPU
		{6A30D43B-88BA-4BEB-A6C4-5266D6F063C4}.Debug|Any CPU.Build.0 = Debug|Any CPU
		{6A30D43B-88BA-4BEB-A6C4-5266D6F063C4}.Release|Any CPU.ActiveCfg = Release|Any CPU
		{6A30D43B-88BA-4BEB-A6C4-5266D6F063C4}.Release|Any CPU.Build.0 = Release|Any CPU
		{18ADEB20-B2E0-474E-A69F-DCD62EDEAA80}.Debug|Any CPU.ActiveCfg = Debug|Any CPU
		{18ADEB20-B2E0-474E-A69F-DCD62EDEAA80}.Debug|Any CPU.Build.0 = Debug|Any CPU
		{18ADEB20-B2E0-474E-A69F-DCD62EDEAA80}.Release|Any CPU.ActiveCfg = Release|Any CPU
		{18ADEB20-B2E0-474E-A69F-DCD62EDEAA80}.Release|Any CPU.Build.0 = Release|Any CPU
		{7B6141BD-2A13-4CA9-AABB-38C92AE68819}.Debug|Any CPU.ActiveCfg = Debug|Any CPU
		{7B6141BD-2A13-4CA9-AABB-38C92AE68819}.Debug|Any CPU.Build.0 = Debug|Any CPU
		{7B6141BD-2A13-4CA9-AABB-38C92AE68819}.Release|Any CPU.ActiveCfg = Release|Any CPU
		{7B6141BD-2A13-4CA9-AABB-38C92AE68819}.Release|Any CPU.Build.0 = Release|Any CPU
		{BAE80F49-70A9-4F43-ACA0-451D433A5717}.Debug|Any CPU.ActiveCfg = Debug|Any CPU
		{BAE80F49-70A9-4F43-ACA0-451D433A5717}.Debug|Any CPU.Build.0 = Debug|Any CPU
		{BAE80F49-70A9-4F43-ACA0-451D433A5717}.Release|Any CPU.ActiveCfg = Release|Any CPU
		{BAE80F49-70A9-4F43-ACA0-451D433A5717}.Release|Any CPU.Build.0 = Release|Any CPU
		{1BB8CE78-E54B-4849-891A-AB9B2CC5BF1F}.Debug|Any CPU.ActiveCfg = Debug|Any CPU
		{1BB8CE78-E54B-4849-891A-AB9B2CC5BF1F}.Debug|Any CPU.Build.0 = Debug|Any CPU
		{1BB8CE78-E54B-4849-891A-AB9B2CC5BF1F}.Release|Any CPU.ActiveCfg = Release|Any CPU
		{1BB8CE78-E54B-4849-891A-AB9B2CC5BF1F}.Release|Any CPU.Build.0 = Release|Any CPU
		{FD125DE9-B534-49C4-B09E-53E130DAA956}.Debug|Any CPU.ActiveCfg = Debug|Any CPU
		{FD125DE9-B534-49C4-B09E-53E130DAA956}.Debug|Any CPU.Build.0 = Debug|Any CPU
		{FD125DE9-B534-49C4-B09E-53E130DAA956}.Release|Any CPU.ActiveCfg = Release|Any CPU
		{FD125DE9-B534-49C4-B09E-53E130DAA956}.Release|Any CPU.Build.0 = Release|Any CPU
		{E4FFA97B-59B1-47B0-87F2-56937867DA0B}.Debug|Any CPU.ActiveCfg = Debug|Any CPU
		{E4FFA97B-59B1-47B0-87F2-56937867DA0B}.Debug|Any CPU.Build.0 = Debug|Any CPU
		{E4FFA97B-59B1-47B0-87F2-56937867DA0B}.Release|Any CPU.ActiveCfg = Release|Any CPU
		{E4FFA97B-59B1-47B0-87F2-56937867DA0B}.Release|Any CPU.Build.0 = Release|Any CPU
	EndGlobalSection
	GlobalSection(SolutionProperties) = preSolution
		HideSolutionNode = FALSE
	EndGlobalSection
	GlobalSection(ExtensibilityGlobals) = postSolution
		SolutionGuid = {92F84FA0-6137-4776-ABB1-652B339ADE62}
	EndGlobalSection
EndGlobal
