
Microsoft Visual Studio Solution File, Format Version 12.00
# Visual Studio Version 17
VisualStudioVersion = 17.11.35222.181
MinimumVisualStudioVersion = 10.0.40219.1
Project("{9A19103F-16F7-4668-BE54-9A1E7A4F7556}") = "01", "01\01.csproj", "{F352B22C-A9F1-42E7-A8DB-53FA78422B22}"
EndProject
Project("{FAE04EC0-301F-11D3-BF4B-00C04F79EFBC}") = "02", "02\02.csproj", "{884BD090-233A-4C6C-BCBC-5F4D768F580E}"
EndProject
Project("{FAE04EC0-301F-11D3-BF4B-00C04F79EFBC}") = "03", "03\03.csproj", "{3C5D831D-BDC3-49E9-B950-DF268AB2C16B}"
EndProject
Global
	GlobalSection(SolutionConfigurationPlatforms) = preSolution
		Debug|Any CPU = Debug|Any CPU
		Release|Any CPU = Release|Any CPU
	EndGlobalSection
	GlobalSection(ProjectConfigurationPlatforms) = postSolution
		{F352B22C-A9F1-42E7-A8DB-53FA78422B22}.Debug|Any CPU.ActiveCfg = Debug|Any CPU
		{F352B22C-A9F1-42E7-A8DB-53FA78422B22}.Debug|Any CPU.Build.0 = Debug|Any CPU
		{F352B22C-A9F1-42E7-A8DB-53FA78422B22}.Release|Any CPU.ActiveCfg = Release|Any CPU
		{F352B22C-A9F1-42E7-A8DB-53FA78422B22}.Release|Any CPU.Build.0 = Release|Any CPU
		{884BD090-233A-4C6C-BCBC-5F4D768F580E}.Debug|Any CPU.ActiveCfg = Debug|Any CPU
		{884BD090-233A-4C6C-BCBC-5F4D768F580E}.Debug|Any CPU.Build.0 = Debug|Any CPU
		{884BD090-233A-4C6C-BCBC-5F4D768F580E}.Release|Any CPU.ActiveCfg = Release|Any CPU
		{884BD090-233A-4C6C-BCBC-5F4D768F580E}.Release|Any CPU.Build.0 = Release|Any CPU
		{3C5D831D-BDC3-49E9-B950-DF268AB2C16B}.Debug|Any CPU.ActiveCfg = Debug|Any CPU
		{3C5D831D-BDC3-49E9-B950-DF268AB2C16B}.Debug|Any CPU.Build.0 = Debug|Any CPU
		{3C5D831D-BDC3-49E9-B950-DF268AB2C16B}.Release|Any CPU.ActiveCfg = Release|Any CPU
		{3C5D831D-BDC3-49E9-B950-DF268AB2C16B}.Release|Any CPU.Build.0 = Release|Any CPU
	EndGlobalSection
	GlobalSection(SolutionProperties) = preSolution
		HideSolutionNode = FALSE
	EndGlobalSection
	GlobalSection(ExtensibilityGlobals) = postSolution
		SolutionGuid = {BCFCE017-8A5D-4EE2-B169-47CFB007C5D1}
	EndGlobalSection
EndGlobal
