
Microsoft Visual Studio Solution File, Format Version 12.00
# Visual Studio Version 17
VisualStudioVersion = 17.11.35222.181
MinimumVisualStudioVersion = 10.0.40219.1
Project("{FAE04EC0-301F-11D3-BF4B-00C04F79EFBC}") = "01", "01\01.csproj", "{8ECE3B3E-240E-4F6A-98FE-7155545197DB}"
EndProject
Project("{FAE04EC0-301F-11D3-BF4B-00C04F79EFBC}") = "02", "02\02.csproj", "{844F16E3-58FF-440A-92FA-25EA87736900}"
EndProject
Global
	GlobalSection(SolutionConfigurationPlatforms) = preSolution
		Debug|Any CPU = Debug|Any CPU
		Release|Any CPU = Release|Any CPU
	EndGlobalSection
	GlobalSection(ProjectConfigurationPlatforms) = postSolution
		{8ECE3B3E-240E-4F6A-98FE-7155545197DB}.Debug|Any CPU.ActiveCfg = Debug|Any CPU
		{8ECE3B3E-240E-4F6A-98FE-7155545197DB}.Debug|Any CPU.Build.0 = Debug|Any CPU
		{8ECE3B3E-240E-4F6A-98FE-7155545197DB}.Release|Any CPU.ActiveCfg = Release|Any CPU
		{8ECE3B3E-240E-4F6A-98FE-7155545197DB}.Release|Any CPU.Build.0 = Release|Any CPU
		{844F16E3-58FF-440A-92FA-25EA87736900}.Debug|Any CPU.ActiveCfg = Debug|Any CPU
		{844F16E3-58FF-440A-92FA-25EA87736900}.Debug|Any CPU.Build.0 = Debug|Any CPU
		{844F16E3-58FF-440A-92FA-25EA87736900}.Release|Any CPU.ActiveCfg = Release|Any CPU
		{844F16E3-58FF-440A-92FA-25EA87736900}.Release|Any CPU.Build.0 = Release|Any CPU
	EndGlobalSection
	GlobalSection(SolutionProperties) = preSolution
		HideSolutionNode = FALSE
	EndGlobalSection
	GlobalSection(ExtensibilityGlobals) = postSolution
		SolutionGuid = {CC665146-FD37-43A6-8508-1EC4E7359215}
	EndGlobalSection
EndGlobal
