
Microsoft Visual Studio Solution File, Format Version 12.00
# Visual Studio Version 17
VisualStudioVersion = 17.11.35222.181
MinimumVisualStudioVersion = 10.0.40219.1
Project("{9A19103F-16F7-4668-BE54-9A1E7A4F7556}") = "01", "01\01.csproj", "{7F370CEC-C9F5-46EB-8D55-7AD061898CD5}"
EndProject
Project("{9A19103F-16F7-4668-BE54-9A1E7A4F7556}") = "02", "02\02.csproj", "{D4B031F1-A43D-4B90-85DA-F42AAF867EF1}"
EndProject
Project("{9A19103F-16F7-4668-BE54-9A1E7A4F7556}") = "03", "03\03.csproj", "{94FD4931-4A50-4211-BEF3-DAC10B7F294F}"
EndProject
Project("{9A19103F-16F7-4668-BE54-9A1E7A4F7556}") = "04", "04\04.csproj", "{061C2D47-43D1-4D61-B18F-737FD5ED43E2}"
EndProject
Project("{9A19103F-16F7-4668-BE54-9A1E7A4F7556}") = "05", "05\05.csproj", "{3F983871-E48D-423D-9D6B-86E0E5723410}"
EndProject
Project("{9A19103F-16F7-4668-BE54-9A1E7A4F7556}") = "06", "06\06.csproj", "{37BD6E9B-4C3C-45E6-A65B-CFA8DAF01190}"
EndProject
Project("{9A19103F-16F7-4668-BE54-9A1E7A4F7556}") = "07", "07\07.csproj", "{DDF6B6F2-CA2E-446A-ACDC-7B3C919171B2}"
EndProject
Project("{9A19103F-16F7-4668-BE54-9A1E7A4F7556}") = "08", "08\08.csproj", "{CCB4F641-57C4-45F6-820A-0F910B08F886}"
EndProject
Project("{9A19103F-16F7-4668-BE54-9A1E7A4F7556}") = "09", "09\09.csproj", "{E675DD15-1484-4B4D-8B2B-B24CE5B05117}"
EndProject
Project("{9A19103F-16F7-4668-BE54-9A1E7A4F7556}") = "10", "10\10.csproj", "{5AF978D5-F4A1-4913-A340-8BB1AF8C7E67}"
EndProject
Project("{9A19103F-16F7-4668-BE54-9A1E7A4F7556}") = "11", "11\11.csproj", "{91168B9B-8CDE-48B7-8DAC-BE21EB81878D}"
EndProject
Project("{9A19103F-16F7-4668-BE54-9A1E7A4F7556}") = "12", "12\12.csproj", "{711A73B9-CF8D-484F-9148-762066D3E1CB}"
EndProject
Project("{9A19103F-16F7-4668-BE54-9A1E7A4F7556}") = "13", "13\13.csproj", "{A96D0614-058A-4446-98F1-AE470673B45A}"
EndProject
Project("{9A19103F-16F7-4668-BE54-9A1E7A4F7556}") = "14", "14\14.csproj", "{C4935D15-CB83-4757-A9E1-49E8DEC8E177}"
EndProject
Project("{9A19103F-16F7-4668-BE54-9A1E7A4F7556}") = "15", "15\15.csproj", "{4806166C-A8B4-466A-9A5C-24C6085B9FB3}"
EndProject
Project("{9A19103F-16F7-4668-BE54-9A1E7A4F7556}") = "16", "16\16.csproj", "{5CCF8A27-4762-4AF0-80F8-17D1F1933205}"
EndProject
Project("{9A19103F-16F7-4668-BE54-9A1E7A4F7556}") = "17", "17\17.csproj", "{AE96A6D0-2FB7-40DC-B974-44884197677F}"
EndProject
Project("{9A19103F-16F7-4668-BE54-9A1E7A4F7556}") = "18", "18\18.csproj", "{A4B5766E-E677-4520-AC7B-6943ABDA52ED}"
EndProject
Project("{9A19103F-16F7-4668-BE54-9A1E7A4F7556}") = "19", "19\19.csproj", "{B74E208D-E56B-46A6-82E5-4C56F1565F64}"
EndProject
Project("{9A19103F-16F7-4668-BE54-9A1E7A4F7556}") = "20", "20\20.csproj", "{51B79454-A5BA-4A8D-896F-C667F256471F}"
EndProject
Project("{9A19103F-16F7-4668-BE54-9A1E7A4F7556}") = "21", "21\21.csproj", "{B0AEEE99-4ED9-4E6E-955C-A2C9EC203996}"
EndProject
Project("{9A19103F-16F7-4668-BE54-9A1E7A4F7556}") = "22", "22\22.csproj", "{FEF272BD-ECB3-479E-B191-D69F613DF1C9}"
EndProject
Project("{9A19103F-16F7-4668-BE54-9A1E7A4F7556}") = "23", "23\23.csproj", "{743E2247-0A52-4342-ADA2-190E9D5D9631}"
EndProject
Project("{9A19103F-16F7-4668-BE54-9A1E7A4F7556}") = "24", "24\24.csproj", "{BF6F8CFE-F8A3-4157-BDE9-F6CB7907F889}"
EndProject
Project("{9A19103F-16F7-4668-BE54-9A1E7A4F7556}") = "26()", "25\26().csproj", "{3671BD0E-D5DF-430B-9041-4E5CE72391C6}"
EndProject
Project("{9A19103F-16F7-4668-BE54-9A1E7A4F7556}") = "25()", "26\25().csproj", "{421A39B3-DBA5-4A2E-BBB4-3863353B8E69}"
EndProject
Global
	GlobalSection(SolutionConfigurationPlatforms) = preSolution
		Debug|Any CPU = Debug|Any CPU
		Release|Any CPU = Release|Any CPU
	EndGlobalSection
	GlobalSection(ProjectConfigurationPlatforms) = postSolution
		{7F370CEC-C9F5-46EB-8D55-7AD061898CD5}.Debug|Any CPU.ActiveCfg = Debug|Any CPU
		{7F370CEC-C9F5-46EB-8D55-7AD061898CD5}.Debug|Any CPU.Build.0 = Debug|Any CPU
		{7F370CEC-C9F5-46EB-8D55-7AD061898CD5}.Release|Any CPU.ActiveCfg = Release|Any CPU
		{7F370CEC-C9F5-46EB-8D55-7AD061898CD5}.Release|Any CPU.Build.0 = Release|Any CPU
		{D4B031F1-A43D-4B90-85DA-F42AAF867EF1}.Debug|Any CPU.ActiveCfg = Debug|Any CPU
		{D4B031F1-A43D-4B90-85DA-F42AAF867EF1}.Debug|Any CPU.Build.0 = Debug|Any CPU
		{D4B031F1-A43D-4B90-85DA-F42AAF867EF1}.Release|Any CPU.ActiveCfg = Release|Any CPU
		{D4B031F1-A43D-4B90-85DA-F42AAF867EF1}.Release|Any CPU.Build.0 = Release|Any CPU
		{94FD4931-4A50-4211-BEF3-DAC10B7F294F}.Debug|Any CPU.ActiveCfg = Debug|Any CPU
		{94FD4931-4A50-4211-BEF3-DAC10B7F294F}.Debug|Any CPU.Build.0 = Debug|Any CPU
		{94FD4931-4A50-4211-BEF3-DAC10B7F294F}.Release|Any CPU.ActiveCfg = Release|Any CPU
		{94FD4931-4A50-4211-BEF3-DAC10B7F294F}.Release|Any CPU.Build.0 = Release|Any CPU
		{061C2D47-43D1-4D61-B18F-737FD5ED43E2}.Debug|Any CPU.ActiveCfg = Debug|Any CPU
		{061C2D47-43D1-4D61-B18F-737FD5ED43E2}.Debug|Any CPU.Build.0 = Debug|Any CPU
		{061C2D47-43D1-4D61-B18F-737FD5ED43E2}.Release|Any CPU.ActiveCfg = Release|Any CPU
		{061C2D47-43D1-4D61-B18F-737FD5ED43E2}.Release|Any CPU.Build.0 = Release|Any CPU
		{3F983871-E48D-423D-9D6B-86E0E5723410}.Debug|Any CPU.ActiveCfg = Debug|Any CPU
		{3F983871-E48D-423D-9D6B-86E0E5723410}.Debug|Any CPU.Build.0 = Debug|Any CPU
		{3F983871-E48D-423D-9D6B-86E0E5723410}.Release|Any CPU.ActiveCfg = Release|Any CPU
		{3F983871-E48D-423D-9D6B-86E0E5723410}.Release|Any CPU.Build.0 = Release|Any CPU
		{37BD6E9B-4C3C-45E6-A65B-CFA8DAF01190}.Debug|Any CPU.ActiveCfg = Debug|Any CPU
		{37BD6E9B-4C3C-45E6-A65B-CFA8DAF01190}.Debug|Any CPU.Build.0 = Debug|Any CPU
		{37BD6E9B-4C3C-45E6-A65B-CFA8DAF01190}.Release|Any CPU.ActiveCfg = Release|Any CPU
		{37BD6E9B-4C3C-45E6-A65B-CFA8DAF01190}.Release|Any CPU.Build.0 = Release|Any CPU
		{DDF6B6F2-CA2E-446A-ACDC-7B3C919171B2}.Debug|Any CPU.ActiveCfg = Debug|Any CPU
		{DDF6B6F2-CA2E-446A-ACDC-7B3C919171B2}.Debug|Any CPU.Build.0 = Debug|Any CPU
		{DDF6B6F2-CA2E-446A-ACDC-7B3C919171B2}.Release|Any CPU.ActiveCfg = Release|Any CPU
		{DDF6B6F2-CA2E-446A-ACDC-7B3C919171B2}.Release|Any CPU.Build.0 = Release|Any CPU
		{CCB4F641-57C4-45F6-820A-0F910B08F886}.Debug|Any CPU.ActiveCfg = Debug|Any CPU
		{CCB4F641-57C4-45F6-820A-0F910B08F886}.Debug|Any CPU.Build.0 = Debug|Any CPU
		{CCB4F641-57C4-45F6-820A-0F910B08F886}.Release|Any CPU.ActiveCfg = Release|Any CPU
		{CCB4F641-57C4-45F6-820A-0F910B08F886}.Release|Any CPU.Build.0 = Release|Any CPU
		{E675DD15-1484-4B4D-8B2B-B24CE5B05117}.Debug|Any CPU.ActiveCfg = Debug|Any CPU
		{E675DD15-1484-4B4D-8B2B-B24CE5B05117}.Debug|Any CPU.Build.0 = Debug|Any CPU
		{E675DD15-1484-4B4D-8B2B-B24CE5B05117}.Release|Any CPU.ActiveCfg = Release|Any CPU
		{E675DD15-1484-4B4D-8B2B-B24CE5B05117}.Release|Any CPU.Build.0 = Release|Any CPU
		{5AF978D5-F4A1-4913-A340-8BB1AF8C7E67}.Debug|Any CPU.ActiveCfg = Debug|Any CPU
		{5AF978D5-F4A1-4913-A340-8BB1AF8C7E67}.Debug|Any CPU.Build.0 = Debug|Any CPU
		{5AF978D5-F4A1-4913-A340-8BB1AF8C7E67}.Release|Any CPU.ActiveCfg = Release|Any CPU
		{5AF978D5-F4A1-4913-A340-8BB1AF8C7E67}.Release|Any CPU.Build.0 = Release|Any CPU
		{91168B9B-8CDE-48B7-8DAC-BE21EB81878D}.Debug|Any CPU.ActiveCfg = Debug|Any CPU
		{91168B9B-8CDE-48B7-8DAC-BE21EB81878D}.Debug|Any CPU.Build.0 = Debug|Any CPU
		{91168B9B-8CDE-48B7-8DAC-BE21EB81878D}.Release|Any CPU.ActiveCfg = Release|Any CPU
		{91168B9B-8CDE-48B7-8DAC-BE21EB81878D}.Release|Any CPU.Build.0 = Release|Any CPU
		{711A73B9-CF8D-484F-9148-762066D3E1CB}.Debug|Any CPU.ActiveCfg = Debug|Any CPU
		{711A73B9-CF8D-484F-9148-762066D3E1CB}.Debug|Any CPU.Build.0 = Debug|Any CPU
		{711A73B9-CF8D-484F-9148-762066D3E1CB}.Release|Any CPU.ActiveCfg = Release|Any CPU
		{711A73B9-CF8D-484F-9148-762066D3E1CB}.Release|Any CPU.Build.0 = Release|Any CPU
		{A96D0614-058A-4446-98F1-AE470673B45A}.Debug|Any CPU.ActiveCfg = Debug|Any CPU
		{A96D0614-058A-4446-98F1-AE470673B45A}.Debug|Any CPU.Build.0 = Debug|Any CPU
		{A96D0614-058A-4446-98F1-AE470673B45A}.Release|Any CPU.ActiveCfg = Release|Any CPU
		{A96D0614-058A-4446-98F1-AE470673B45A}.Release|Any CPU.Build.0 = Release|Any CPU
		{C4935D15-CB83-4757-A9E1-49E8DEC8E177}.Debug|Any CPU.ActiveCfg = Debug|Any CPU
		{C4935D15-CB83-4757-A9E1-49E8DEC8E177}.Debug|Any CPU.Build.0 = Debug|Any CPU
		{C4935D15-CB83-4757-A9E1-49E8DEC8E177}.Release|Any CPU.ActiveCfg = Release|Any CPU
		{C4935D15-CB83-4757-A9E1-49E8DEC8E177}.Release|Any CPU.Build.0 = Release|Any CPU
		{4806166C-A8B4-466A-9A5C-24C6085B9FB3}.Debug|Any CPU.ActiveCfg = Debug|Any CPU
		{4806166C-A8B4-466A-9A5C-24C6085B9FB3}.Debug|Any CPU.Build.0 = Debug|Any CPU
		{4806166C-A8B4-466A-9A5C-24C6085B9FB3}.Release|Any CPU.ActiveCfg = Release|Any CPU
		{4806166C-A8B4-466A-9A5C-24C6085B9FB3}.Release|Any CPU.Build.0 = Release|Any CPU
		{5CCF8A27-4762-4AF0-80F8-17D1F1933205}.Debug|Any CPU.ActiveCfg = Debug|Any CPU
		{5CCF8A27-4762-4AF0-80F8-17D1F1933205}.Debug|Any CPU.Build.0 = Debug|Any CPU
		{5CCF8A27-4762-4AF0-80F8-17D1F1933205}.Release|Any CPU.ActiveCfg = Release|Any CPU
		{5CCF8A27-4762-4AF0-80F8-17D1F1933205}.Release|Any CPU.Build.0 = Release|Any CPU
		{AE96A6D0-2FB7-40DC-B974-44884197677F}.Debug|Any CPU.ActiveCfg = Debug|Any CPU
		{AE96A6D0-2FB7-40DC-B974-44884197677F}.Debug|Any CPU.Build.0 = Debug|Any CPU
		{AE96A6D0-2FB7-40DC-B974-44884197677F}.Release|Any CPU.ActiveCfg = Release|Any CPU
		{AE96A6D0-2FB7-40DC-B974-44884197677F}.Release|Any CPU.Build.0 = Release|Any CPU
		{A4B5766E-E677-4520-AC7B-6943ABDA52ED}.Debug|Any CPU.ActiveCfg = Debug|Any CPU
		{A4B5766E-E677-4520-AC7B-6943ABDA52ED}.Debug|Any CPU.Build.0 = Debug|Any CPU
		{A4B5766E-E677-4520-AC7B-6943ABDA52ED}.Release|Any CPU.ActiveCfg = Release|Any CPU
		{A4B5766E-E677-4520-AC7B-6943ABDA52ED}.Release|Any CPU.Build.0 = Release|Any CPU
		{B74E208D-E56B-46A6-82E5-4C56F1565F64}.Debug|Any CPU.ActiveCfg = Debug|Any CPU
		{B74E208D-E56B-46A6-82E5-4C56F1565F64}.Debug|Any CPU.Build.0 = Debug|Any CPU
		{B74E208D-E56B-46A6-82E5-4C56F1565F64}.Release|Any CPU.ActiveCfg = Release|Any CPU
		{B74E208D-E56B-46A6-82E5-4C56F1565F64}.Release|Any CPU.Build.0 = Release|Any CPU
		{51B79454-A5BA-4A8D-896F-C667F256471F}.Debug|Any CPU.ActiveCfg = Debug|Any CPU
		{51B79454-A5BA-4A8D-896F-C667F256471F}.Debug|Any CPU.Build.0 = Debug|Any CPU
		{51B79454-A5BA-4A8D-896F-C667F256471F}.Release|Any CPU.ActiveCfg = Release|Any CPU
		{51B79454-A5BA-4A8D-896F-C667F256471F}.Release|Any CPU.Build.0 = Release|Any CPU
		{B0AEEE99-4ED9-4E6E-955C-A2C9EC203996}.Debug|Any CPU.ActiveCfg = Debug|Any CPU
		{B0AEEE99-4ED9-4E6E-955C-A2C9EC203996}.Debug|Any CPU.Build.0 = Debug|Any CPU
		{B0AEEE99-4ED9-4E6E-955C-A2C9EC203996}.Release|Any CPU.ActiveCfg = Release|Any CPU
		{B0AEEE99-4ED9-4E6E-955C-A2C9EC203996}.Release|Any CPU.Build.0 = Release|Any CPU
		{FEF272BD-ECB3-479E-B191-D69F613DF1C9}.Debug|Any CPU.ActiveCfg = Debug|Any CPU
		{FEF272BD-ECB3-479E-B191-D69F613DF1C9}.Debug|Any CPU.Build.0 = Debug|Any CPU
		{FEF272BD-ECB3-479E-B191-D69F613DF1C9}.Release|Any CPU.ActiveCfg = Release|Any CPU
		{FEF272BD-ECB3-479E-B191-D69F613DF1C9}.Release|Any CPU.Build.0 = Release|Any CPU
		{743E2247-0A52-4342-ADA2-190E9D5D9631}.Debug|Any CPU.ActiveCfg = Debug|Any CPU
		{743E2247-0A52-4342-ADA2-190E9D5D9631}.Debug|Any CPU.Build.0 = Debug|Any CPU
		{743E2247-0A52-4342-ADA2-190E9D5D9631}.Release|Any CPU.ActiveCfg = Release|Any CPU
		{743E2247-0A52-4342-ADA2-190E9D5D9631}.Release|Any CPU.Build.0 = Release|Any CPU
		{BF6F8CFE-F8A3-4157-BDE9-F6CB7907F889}.Debug|Any CPU.ActiveCfg = Debug|Any CPU
		{BF6F8CFE-F8A3-4157-BDE9-F6CB7907F889}.Debug|Any CPU.Build.0 = Debug|Any CPU
		{BF6F8CFE-F8A3-4157-BDE9-F6CB7907F889}.Release|Any CPU.ActiveCfg = Release|Any CPU
		{BF6F8CFE-F8A3-4157-BDE9-F6CB7907F889}.Release|Any CPU.Build.0 = Release|Any CPU
		{3671BD0E-D5DF-430B-9041-4E5CE72391C6}.Debug|Any CPU.ActiveCfg = Debug|Any CPU
		{3671BD0E-D5DF-430B-9041-4E5CE72391C6}.Debug|Any CPU.Build.0 = Debug|Any CPU
		{3671BD0E-D5DF-430B-9041-4E5CE72391C6}.Release|Any CPU.ActiveCfg = Release|Any CPU
		{3671BD0E-D5DF-430B-9041-4E5CE72391C6}.Release|Any CPU.Build.0 = Release|Any CPU
		{421A39B3-DBA5-4A2E-BBB4-3863353B8E69}.Debug|Any CPU.ActiveCfg = Debug|Any CPU
		{421A39B3-DBA5-4A2E-BBB4-3863353B8E69}.Debug|Any CPU.Build.0 = Debug|Any CPU
		{421A39B3-DBA5-4A2E-BBB4-3863353B8E69}.Release|Any CPU.ActiveCfg = Release|Any CPU
		{421A39B3-DBA5-4A2E-BBB4-3863353B8E69}.Release|Any CPU.Build.0 = Release|Any CPU
	EndGlobalSection
	GlobalSection(SolutionProperties) = preSolution
		HideSolutionNode = FALSE
	EndGlobalSection
	GlobalSection(ExtensibilityGlobals) = postSolution
		SolutionGuid = {F85C13F9-40CD-4B0B-A7E1-D4550D95D5D9}
	EndGlobalSection
EndGlobal
