
Microsoft Visual Studio Solution File, Format Version 12.00
# Visual Studio Version 17
VisualStudioVersion = 17.11.35222.181
MinimumVisualStudioVersion = 10.0.40219.1
Project("{9A19103F-16F7-4668-BE54-9A1E7A4F7556}") = "Aufgabe 1", "Aufgabe 1\Aufgabe 1.csproj", "{0A7C03A1-7A61-464B-9861-7987EECF5AA5}"
EndProject
Project("{9A19103F-16F7-4668-BE54-9A1E7A4F7556}") = "Aufgabe 2", "Aufgabe 2\Aufgabe 2.csproj", "{9F2BB048-76A4-42D0-9A27-383870A52AFB}"
EndProject
Project("{9A19103F-16F7-4668-BE54-9A1E7A4F7556}") = "Aufgabe 3", "Aufgabe 3\Aufgabe 3.csproj", "{C69EEEB2-9794-4D2E-8722-764D91D0CDC8}"
EndProject
Project("{9A19103F-16F7-4668-BE54-9A1E7A4F7556}") = "Aufgabe 4", "Aufgabe 4\Aufgabe 4.csproj", "{442EA51A-3A47-4E97-8863-EE490F1E3B30}"
EndProject
Project("{9A19103F-16F7-4668-BE54-9A1E7A4F7556}") = "Aufgabe 4(anders)", "Aufgabe 04\Aufgabe 4(anders).csproj", "{DA776283-1F30-4A8C-AE26-C758C587BDBF}"
EndProject
Project("{9A19103F-16F7-4668-BE54-9A1E7A4F7556}") = "Aufgabe 5", "Aufgabe 5\Aufgabe 5.csproj", "{9AAF1FED-3185-4C8B-B79A-99FDB38A5768}"
EndProject
Project("{9A19103F-16F7-4668-BE54-9A1E7A4F7556}") = "Aufgabe 6", "Aufgabe 6\Aufgabe 6.csproj", "{26E8A1AC-1852-4F68-A92C-8672152B3734}"
EndProject
Project("{9A19103F-16F7-4668-BE54-9A1E7A4F7556}") = "Aufgabe 7", "Aufgabe 7\Aufgabe 7.csproj", "{F7745871-684E-49CF-B5CB-D408A59B913F}"
EndProject
Project("{9A19103F-16F7-4668-BE54-9A1E7A4F7556}") = "Aufgabe 8", "Aufgabe 8\Aufgabe 8.csproj", "{CE451D12-44AF-42E9-95A3-2D5FC79E056D}"
EndProject
Project("{9A19103F-16F7-4668-BE54-9A1E7A4F7556}") = "Aufgabe 9", "Aufgabe 9\Aufgabe 9.csproj", "{3C745C08-2A73-45F2-B98B-16DF99B9278B}"
EndProject
Project("{9A19103F-16F7-4668-BE54-9A1E7A4F7556}") = "Aufgabe10", "Aufgabe 10\Aufgabe10.csproj", "{6205F621-F1BE-47B0-859D-B4781E9036EC}"
EndProject
Project("{9A19103F-16F7-4668-BE54-9A1E7A4F7556}") = "Aufgabe11", "Aufgabe 11\Aufgabe11.csproj", "{93ADA600-FEAF-4D91-821E-B878BA64FC52}"
EndProject
Project("{9A19103F-16F7-4668-BE54-9A1E7A4F7556}") = "Aufgabe12", "Aufgabe 12\Aufgabe12.csproj", "{3BD995E1-B65C-4D91-9E27-AB9E5D883BB0}"
EndProject
Project("{9A19103F-16F7-4668-BE54-9A1E7A4F7556}") = "Aufgabe13", "Aufgabe 13\Aufgabe13.csproj", "{C4BFD478-67BC-4A00-ACEC-5D74C2873077}"
EndProject
Project("{9A19103F-16F7-4668-BE54-9A1E7A4F7556}") = "Aufgabe14", "Aufgabe 14\Aufgabe14.csproj", "{7EF349CA-16AD-4519-99AA-C576115318D9}"
EndProject
Project("{9A19103F-16F7-4668-BE54-9A1E7A4F7556}") = "Aufgabe15", "Aufgabe 15\Aufgabe15.csproj", "{06A695D4-7D8F-405E-B822-BA60990F9708}"
EndProject
Project("{9A19103F-16F7-4668-BE54-9A1E7A4F7556}") = "Aufgabe16", "Aufgabe 16\Aufgabe16.csproj", "{3EB445B0-47CC-4F2F-8FC8-689E6107A735}"
EndProject
Project("{9A19103F-16F7-4668-BE54-9A1E7A4F7556}") = "Aufgabe17", "Aufgabe17\Aufgabe17.csproj", "{E810477A-26A1-4145-895F-4A0C5379964C}"
EndProject
Project("{9A19103F-16F7-4668-BE54-9A1E7A4F7556}") = "Aufgabe18", "Aufgabe19\Aufgabe18.csproj", "{120496A1-F320-4E2B-8CDF-40BB66AEBBC7}"
EndProject
Project("{9A19103F-16F7-4668-BE54-9A1E7A4F7556}") = "Aufgabe19(bmi)", "Aufgabe19()\Aufgabe19(bmi).csproj", "{A832828C-1218-4AB9-8A97-5B362FCC5D66}"
EndProject
Project("{9A19103F-16F7-4668-BE54-9A1E7A4F7556}") = "Aufgabe20", "Aufgabe20\Aufgabe20.csproj", "{6B70F2F6-4705-4404-9A30-D13C064D08F4}"
EndProject
Project("{9A19103F-16F7-4668-BE54-9A1E7A4F7556}") = "Aufgabe21", "Aufgabe21\Aufgabe21.csproj", "{C8090C61-1726-4A25-B707-C058914265F8}"
EndProject
Project("{9A19103F-16F7-4668-BE54-9A1E7A4F7556}") = "Aufgabe22", "Aufgabe22\Aufgabe22.csproj", "{52E4F540-F6E2-49F0-93D5-952BC3F8F7C7}"
EndProject
Project("{9A19103F-16F7-4668-BE54-9A1E7A4F7556}") = "Aufgabe23", "Aufgabe23\Aufgabe23.csproj", "{9C43680D-768E-4D6A-AEC8-A78F3DF45E18}"
EndProject
Project("{9A19103F-16F7-4668-BE54-9A1E7A4F7556}") = "Aufgabe24(kreditkarte)", "Aufgabe24(kreditkarte)\Aufgabe24(kreditkarte).csproj", "{AA185755-E9F4-4449-85D9-E6EE9C4E2DBA}"
EndProject
Project("{9A19103F-16F7-4668-BE54-9A1E7A4F7556}") = "Aufgabe25", "Aufgabe25\Aufgabe25.csproj", "{F6228A49-7F12-4D1D-9517-AD1736037F16}"
EndProject
Project("{FAE04EC0-301F-11D3-BF4B-00C04F79EFBC}") = "Aufgabe26", "Aufgabe26\Aufgabe26.csproj", "{E878EB6A-8E26-4DBD-8FE5-90ADFE7AAB2C}"
EndProject
Global
	GlobalSection(SolutionConfigurationPlatforms) = preSolution
		Debug|Any CPU = Debug|Any CPU
		Release|Any CPU = Release|Any CPU
	EndGlobalSection
	GlobalSection(ProjectConfigurationPlatforms) = postSolution
		{0A7C03A1-7A61-464B-9861-7987EECF5AA5}.Debug|Any CPU.ActiveCfg = Debug|Any CPU
		{0A7C03A1-7A61-464B-9861-7987EECF5AA5}.Debug|Any CPU.Build.0 = Debug|Any CPU
		{0A7C03A1-7A61-464B-9861-7987EECF5AA5}.Release|Any CPU.ActiveCfg = Release|Any CPU
		{0A7C03A1-7A61-464B-9861-7987EECF5AA5}.Release|Any CPU.Build.0 = Release|Any CPU
		{9F2BB048-76A4-42D0-9A27-383870A52AFB}.Debug|Any CPU.ActiveCfg = Debug|Any CPU
		{9F2BB048-76A4-42D0-9A27-383870A52AFB}.Debug|Any CPU.Build.0 = Debug|Any CPU
		{9F2BB048-76A4-42D0-9A27-383870A52AFB}.Release|Any CPU.ActiveCfg = Release|Any CPU
		{9F2BB048-76A4-42D0-9A27-383870A52AFB}.Release|Any CPU.Build.0 = Release|Any CPU
		{C69EEEB2-9794-4D2E-8722-764D91D0CDC8}.Debug|Any CPU.ActiveCfg = Debug|Any CPU
		{C69EEEB2-9794-4D2E-8722-764D91D0CDC8}.Debug|Any CPU.Build.0 = Debug|Any CPU
		{C69EEEB2-9794-4D2E-8722-764D91D0CDC8}.Release|Any CPU.ActiveCfg = Release|Any CPU
		{C69EEEB2-9794-4D2E-8722-764D91D0CDC8}.Release|Any CPU.Build.0 = Release|Any CPU
		{442EA51A-3A47-4E97-8863-EE490F1E3B30}.Debug|Any CPU.ActiveCfg = Debug|Any CPU
		{442EA51A-3A47-4E97-8863-EE490F1E3B30}.Debug|Any CPU.Build.0 = Debug|Any CPU
		{442EA51A-3A47-4E97-8863-EE490F1E3B30}.Release|Any CPU.ActiveCfg = Release|Any CPU
		{442EA51A-3A47-4E97-8863-EE490F1E3B30}.Release|Any CPU.Build.0 = Release|Any CPU
		{DA776283-1F30-4A8C-AE26-C758C587BDBF}.Debug|Any CPU.ActiveCfg = Debug|Any CPU
		{DA776283-1F30-4A8C-AE26-C758C587BDBF}.Debug|Any CPU.Build.0 = Debug|Any CPU
		{DA776283-1F30-4A8C-AE26-C758C587BDBF}.Release|Any CPU.ActiveCfg = Release|Any CPU
		{DA776283-1F30-4A8C-AE26-C758C587BDBF}.Release|Any CPU.Build.0 = Release|Any CPU
		{9AAF1FED-3185-4C8B-B79A-99FDB38A5768}.Debug|Any CPU.ActiveCfg = Debug|Any CPU
		{9AAF1FED-3185-4C8B-B79A-99FDB38A5768}.Debug|Any CPU.Build.0 = Debug|Any CPU
		{9AAF1FED-3185-4C8B-B79A-99FDB38A5768}.Release|Any CPU.ActiveCfg = Release|Any CPU
		{9AAF1FED-3185-4C8B-B79A-99FDB38A5768}.Release|Any CPU.Build.0 = Release|Any CPU
		{26E8A1AC-1852-4F68-A92C-8672152B3734}.Debug|Any CPU.ActiveCfg = Debug|Any CPU
		{26E8A1AC-1852-4F68-A92C-8672152B3734}.Debug|Any CPU.Build.0 = Debug|Any CPU
		{26E8A1AC-1852-4F68-A92C-8672152B3734}.Release|Any CPU.ActiveCfg = Release|Any CPU
		{26E8A1AC-1852-4F68-A92C-8672152B3734}.Release|Any CPU.Build.0 = Release|Any CPU
		{F7745871-684E-49CF-B5CB-D408A59B913F}.Debug|Any CPU.ActiveCfg = Debug|Any CPU
		{F7745871-684E-49CF-B5CB-D408A59B913F}.Debug|Any CPU.Build.0 = Debug|Any CPU
		{F7745871-684E-49CF-B5CB-D408A59B913F}.Release|Any CPU.ActiveCfg = Release|Any CPU
		{F7745871-684E-49CF-B5CB-D408A59B913F}.Release|Any CPU.Build.0 = Release|Any CPU
		{CE451D12-44AF-42E9-95A3-2D5FC79E056D}.Debug|Any CPU.ActiveCfg = Debug|Any CPU
		{CE451D12-44AF-42E9-95A3-2D5FC79E056D}.Debug|Any CPU.Build.0 = Debug|Any CPU
		{CE451D12-44AF-42E9-95A3-2D5FC79E056D}.Release|Any CPU.ActiveCfg = Release|Any CPU
		{CE451D12-44AF-42E9-95A3-2D5FC79E056D}.Release|Any CPU.Build.0 = Release|Any CPU
		{3C745C08-2A73-45F2-B98B-16DF99B9278B}.Debug|Any CPU.ActiveCfg = Debug|Any CPU
		{3C745C08-2A73-45F2-B98B-16DF99B9278B}.Debug|Any CPU.Build.0 = Debug|Any CPU
		{3C745C08-2A73-45F2-B98B-16DF99B9278B}.Release|Any CPU.ActiveCfg = Release|Any CPU
		{3C745C08-2A73-45F2-B98B-16DF99B9278B}.Release|Any CPU.Build.0 = Release|Any CPU
		{6205F621-F1BE-47B0-859D-B4781E9036EC}.Debug|Any CPU.ActiveCfg = Debug|Any CPU
		{6205F621-F1BE-47B0-859D-B4781E9036EC}.Debug|Any CPU.Build.0 = Debug|Any CPU
		{6205F621-F1BE-47B0-859D-B4781E9036EC}.Release|Any CPU.ActiveCfg = Release|Any CPU
		{6205F621-F1BE-47B0-859D-B4781E9036EC}.Release|Any CPU.Build.0 = Release|Any CPU
		{93ADA600-FEAF-4D91-821E-B878BA64FC52}.Debug|Any CPU.ActiveCfg = Debug|Any CPU
		{93ADA600-FEAF-4D91-821E-B878BA64FC52}.Debug|Any CPU.Build.0 = Debug|Any CPU
		{93ADA600-FEAF-4D91-821E-B878BA64FC52}.Release|Any CPU.ActiveCfg = Release|Any CPU
		{93ADA600-FEAF-4D91-821E-B878BA64FC52}.Release|Any CPU.Build.0 = Release|Any CPU
		{3BD995E1-B65C-4D91-9E27-AB9E5D883BB0}.Debug|Any CPU.ActiveCfg = Debug|Any CPU
		{3BD995E1-B65C-4D91-9E27-AB9E5D883BB0}.Debug|Any CPU.Build.0 = Debug|Any CPU
		{3BD995E1-B65C-4D91-9E27-AB9E5D883BB0}.Release|Any CPU.ActiveCfg = Release|Any CPU
		{3BD995E1-B65C-4D91-9E27-AB9E5D883BB0}.Release|Any CPU.Build.0 = Release|Any CPU
		{C4BFD478-67BC-4A00-ACEC-5D74C2873077}.Debug|Any CPU.ActiveCfg = Debug|Any CPU
		{C4BFD478-67BC-4A00-ACEC-5D74C2873077}.Debug|Any CPU.Build.0 = Debug|Any CPU
		{C4BFD478-67BC-4A00-ACEC-5D74C2873077}.Release|Any CPU.ActiveCfg = Release|Any CPU
		{C4BFD478-67BC-4A00-ACEC-5D74C2873077}.Release|Any CPU.Build.0 = Release|Any CPU
		{7EF349CA-16AD-4519-99AA-C576115318D9}.Debug|Any CPU.ActiveCfg = Debug|Any CPU
		{7EF349CA-16AD-4519-99AA-C576115318D9}.Debug|Any CPU.Build.0 = Debug|Any CPU
		{7EF349CA-16AD-4519-99AA-C576115318D9}.Release|Any CPU.ActiveCfg = Release|Any CPU
		{7EF349CA-16AD-4519-99AA-C576115318D9}.Release|Any CPU.Build.0 = Release|Any CPU
		{06A695D4-7D8F-405E-B822-BA60990F9708}.Debug|Any CPU.ActiveCfg = Debug|Any CPU
		{06A695D4-7D8F-405E-B822-BA60990F9708}.Debug|Any CPU.Build.0 = Debug|Any CPU
		{06A695D4-7D8F-405E-B822-BA60990F9708}.Release|Any CPU.ActiveCfg = Release|Any CPU
		{06A695D4-7D8F-405E-B822-BA60990F9708}.Release|Any CPU.Build.0 = Release|Any CPU
		{3EB445B0-47CC-4F2F-8FC8-689E6107A735}.Debug|Any CPU.ActiveCfg = Debug|Any CPU
		{3EB445B0-47CC-4F2F-8FC8-689E6107A735}.Debug|Any CPU.Build.0 = Debug|Any CPU
		{3EB445B0-47CC-4F2F-8FC8-689E6107A735}.Release|Any CPU.ActiveCfg = Release|Any CPU
		{3EB445B0-47CC-4F2F-8FC8-689E6107A735}.Release|Any CPU.Build.0 = Release|Any CPU
		{E810477A-26A1-4145-895F-4A0C5379964C}.Debug|Any CPU.ActiveCfg = Debug|Any CPU
		{E810477A-26A1-4145-895F-4A0C5379964C}.Debug|Any CPU.Build.0 = Debug|Any CPU
		{E810477A-26A1-4145-895F-4A0C5379964C}.Release|Any CPU.ActiveCfg = Release|Any CPU
		{E810477A-26A1-4145-895F-4A0C5379964C}.Release|Any CPU.Build.0 = Release|Any CPU
		{120496A1-F320-4E2B-8CDF-40BB66AEBBC7}.Debug|Any CPU.ActiveCfg = Debug|Any CPU
		{120496A1-F320-4E2B-8CDF-40BB66AEBBC7}.Debug|Any CPU.Build.0 = Debug|Any CPU
		{120496A1-F320-4E2B-8CDF-40BB66AEBBC7}.Release|Any CPU.ActiveCfg = Release|Any CPU
		{120496A1-F320-4E2B-8CDF-40BB66AEBBC7}.Release|Any CPU.Build.0 = Release|Any CPU
		{A832828C-1218-4AB9-8A97-5B362FCC5D66}.Debug|Any CPU.ActiveCfg = Debug|Any CPU
		{A832828C-1218-4AB9-8A97-5B362FCC5D66}.Debug|Any CPU.Build.0 = Debug|Any CPU
		{A832828C-1218-4AB9-8A97-5B362FCC5D66}.Release|Any CPU.ActiveCfg = Release|Any CPU
		{A832828C-1218-4AB9-8A97-5B362FCC5D66}.Release|Any CPU.Build.0 = Release|Any CPU
		{6B70F2F6-4705-4404-9A30-D13C064D08F4}.Debug|Any CPU.ActiveCfg = Debug|Any CPU
		{6B70F2F6-4705-4404-9A30-D13C064D08F4}.Debug|Any CPU.Build.0 = Debug|Any CPU
		{6B70F2F6-4705-4404-9A30-D13C064D08F4}.Release|Any CPU.ActiveCfg = Release|Any CPU
		{6B70F2F6-4705-4404-9A30-D13C064D08F4}.Release|Any CPU.Build.0 = Release|Any CPU
		{C8090C61-1726-4A25-B707-C058914265F8}.Debug|Any CPU.ActiveCfg = Debug|Any CPU
		{C8090C61-1726-4A25-B707-C058914265F8}.Debug|Any CPU.Build.0 = Debug|Any CPU
		{C8090C61-1726-4A25-B707-C058914265F8}.Release|Any CPU.ActiveCfg = Release|Any CPU
		{C8090C61-1726-4A25-B707-C058914265F8}.Release|Any CPU.Build.0 = Release|Any CPU
		{52E4F540-F6E2-49F0-93D5-952BC3F8F7C7}.Debug|Any CPU.ActiveCfg = Debug|Any CPU
		{52E4F540-F6E2-49F0-93D5-952BC3F8F7C7}.Debug|Any CPU.Build.0 = Debug|Any CPU
		{52E4F540-F6E2-49F0-93D5-952BC3F8F7C7}.Release|Any CPU.ActiveCfg = Release|Any CPU
		{52E4F540-F6E2-49F0-93D5-952BC3F8F7C7}.Release|Any CPU.Build.0 = Release|Any CPU
		{9C43680D-768E-4D6A-AEC8-A78F3DF45E18}.Debug|Any CPU.ActiveCfg = Debug|Any CPU
		{9C43680D-768E-4D6A-AEC8-A78F3DF45E18}.Debug|Any CPU.Build.0 = Debug|Any CPU
		{9C43680D-768E-4D6A-AEC8-A78F3DF45E18}.Release|Any CPU.ActiveCfg = Release|Any CPU
		{9C43680D-768E-4D6A-AEC8-A78F3DF45E18}.Release|Any CPU.Build.0 = Release|Any CPU
		{AA185755-E9F4-4449-85D9-E6EE9C4E2DBA}.Debug|Any CPU.ActiveCfg = Debug|Any CPU
		{AA185755-E9F4-4449-85D9-E6EE9C4E2DBA}.Debug|Any CPU.Build.0 = Debug|Any CPU
		{AA185755-E9F4-4449-85D9-E6EE9C4E2DBA}.Release|Any CPU.ActiveCfg = Release|Any CPU
		{AA185755-E9F4-4449-85D9-E6EE9C4E2DBA}.Release|Any CPU.Build.0 = Release|Any CPU
		{F6228A49-7F12-4D1D-9517-AD1736037F16}.Debug|Any CPU.ActiveCfg = Debug|Any CPU
		{F6228A49-7F12-4D1D-9517-AD1736037F16}.Debug|Any CPU.Build.0 = Debug|Any CPU
		{F6228A49-7F12-4D1D-9517-AD1736037F16}.Release|Any CPU.ActiveCfg = Release|Any CPU
		{F6228A49-7F12-4D1D-9517-AD1736037F16}.Release|Any CPU.Build.0 = Release|Any CPU
		{E878EB6A-8E26-4DBD-8FE5-90ADFE7AAB2C}.Debug|Any CPU.ActiveCfg = Debug|Any CPU
		{E878EB6A-8E26-4DBD-8FE5-90ADFE7AAB2C}.Debug|Any CPU.Build.0 = Debug|Any CPU
		{E878EB6A-8E26-4DBD-8FE5-90ADFE7AAB2C}.Release|Any CPU.ActiveCfg = Release|Any CPU
		{E878EB6A-8E26-4DBD-8FE5-90ADFE7AAB2C}.Release|Any CPU.Build.0 = Release|Any CPU
	EndGlobalSection
	GlobalSection(SolutionProperties) = preSolution
		HideSolutionNode = FALSE
	EndGlobalSection
	GlobalSection(ExtensibilityGlobals) = postSolution
		SolutionGuid = {77959ADE-E001-4F13-8B24-2C5E204226D2}
	EndGlobalSection
EndGlobal
