
Microsoft Visual Studio Solution File, Format Version 12.00
# Visual Studio Version 17
VisualStudioVersion = 17.11.35222.181
MinimumVisualStudioVersion = 10.0.40219.1
Project("{FAE04EC0-301F-11D3-BF4B-00C04F79EFBC}") = "01", "01\01.csproj", "{821C5DA6-C3AA-44A9-A1A7-3EB477252375}"
EndProject
Project("{FAE04EC0-301F-11D3-BF4B-00C04F79EFBC}") = "02", "02\02.csproj", "{F7C330C9-4D3D-4A3B-BE9F-6E34E643B824}"
EndProject
Global
	GlobalSection(SolutionConfigurationPlatforms) = preSolution
		Debug|Any CPU = Debug|Any CPU
		Release|Any CPU = Release|Any CPU
	EndGlobalSection
	GlobalSection(ProjectConfigurationPlatforms) = postSolution
		{821C5DA6-C3AA-44A9-A1A7-3EB477252375}.Debug|Any CPU.ActiveCfg = Debug|Any CPU
		{821C5DA6-C3AA-44A9-A1A7-3EB477252375}.Debug|Any CPU.Build.0 = Debug|Any CPU
		{821C5DA6-C3AA-44A9-A1A7-3EB477252375}.Release|Any CPU.ActiveCfg = Release|Any CPU
		{821C5DA6-C3AA-44A9-A1A7-3EB477252375}.Release|Any CPU.Build.0 = Release|Any CPU
		{F7C330C9-4D3D-4A3B-BE9F-6E34E643B824}.Debug|Any CPU.ActiveCfg = Debug|Any CPU
		{F7C330C9-4D3D-4A3B-BE9F-6E34E643B824}.Debug|Any CPU.Build.0 = Debug|Any CPU
		{F7C330C9-4D3D-4A3B-BE9F-6E34E643B824}.Release|Any CPU.ActiveCfg = Release|Any CPU
		{F7C330C9-4D3D-4A3B-BE9F-6E34E643B824}.Release|Any CPU.Build.0 = Release|Any CPU
	EndGlobalSection
	GlobalSection(SolutionProperties) = preSolution
		HideSolutionNode = FALSE
	EndGlobalSection
	GlobalSection(ExtensibilityGlobals) = postSolution
		SolutionGuid = {03E06EED-48D4-4AA5-9C98-3AE1240DCF77}
	EndGlobalSection
EndGlobal
