
Microsoft Visual Studio Solution File, Format Version 12.00
# Visual Studio Version 17
VisualStudioVersion = 17.11.35222.181
MinimumVisualStudioVersion = 10.0.40219.1
Project("{FAE04EC0-301F-11D3-BF4B-00C04F79EFBC}") = "TodoProject", "TodoProject\TodoProject.csproj", "{5B306A11-C55A-4D5D-89D7-31F3BF18A1C8}"
EndProject
Global
	GlobalSection(SolutionConfigurationPlatforms) = preSolution
		Debug|Any CPU = Debug|Any CPU
		Release|Any CPU = Release|Any CPU
	EndGlobalSection
	GlobalSection(ProjectConfigurationPlatforms) = postSolution
		{5B306A11-C55A-4D5D-89D7-31F3BF18A1C8}.Debug|Any CPU.ActiveCfg = Debug|Any CPU
		{5B306A11-C55A-4D5D-89D7-31F3BF18A1C8}.Debug|Any CPU.Build.0 = Debug|Any CPU
		{5B306A11-C55A-4D5D-89D7-31F3BF18A1C8}.Release|Any CPU.ActiveCfg = Release|Any CPU
		{5B306A11-C55A-4D5D-89D7-31F3BF18A1C8}.Release|Any CPU.Build.0 = Release|Any CPU
	EndGlobalSection
	GlobalSection(SolutionProperties) = preSolution
		HideSolutionNode = FALSE
	EndGlobalSection
	GlobalSection(ExtensibilityGlobals) = postSolution
		SolutionGuid = {96D5620E-6F70-4CDD-9649-F337E069D97F}
	EndGlobalSection
EndGlobal
