
Microsoft Visual Studio Solution File, Format Version 12.00
# Visual Studio Version 17
VisualStudioVersion = 17.11.35222.181
MinimumVisualStudioVersion = 10.0.40219.1
Project("{9A19103F-16F7-4668-BE54-9A1E7A4F7556}") = "01", "01\01.csproj", "{A26CDCCC-7743-4AF7-9CD7-E4906C88B350}"
EndProject
Project("{9A19103F-16F7-4668-BE54-9A1E7A4F7556}") = "02", "02\02.csproj", "{5C5A37DB-EFDE-4AD7-A7D8-4F58285E49E5}"
EndProject
Project("{9A19103F-16F7-4668-BE54-9A1E7A4F7556}") = "03", "03\03.csproj", "{1D102F6E-2C7B-4E9A-B25D-D99515EEE2D6}"
EndProject
Project("{9A19103F-16F7-4668-BE54-9A1E7A4F7556}") = "04", "04\04.csproj", "{89F96E99-8DEA-4F2D-8B78-C15523ECB916}"
EndProject
Project("{FAE04EC0-301F-11D3-BF4B-00C04F79EFBC}") = "05", "05\05.csproj", "{6B88C690-1619-48FA-B0C0-4CFACC7B8A4B}"
EndProject
Project("{FAE04EC0-301F-11D3-BF4B-00C04F79EFBC}") = "06", "06\06.csproj", "{2718553C-9C9F-4BDD-99F0-427A3EA385D7}"
EndProject
Project("{FAE04EC0-301F-11D3-BF4B-00C04F79EFBC}") = "07", "07\07.csproj", "{F082852B-9B18-4645-A957-FA9EBBF533C2}"
EndProject
Global
	GlobalSection(SolutionConfigurationPlatforms) = preSolution
		Debug|Any CPU = Debug|Any CPU
		Release|Any CPU = Release|Any CPU
	EndGlobalSection
	GlobalSection(ProjectConfigurationPlatforms) = postSolution
		{A26CDCCC-7743-4AF7-9CD7-E4906C88B350}.Debug|Any CPU.ActiveCfg = Debug|Any CPU
		{A26CDCCC-7743-4AF7-9CD7-E4906C88B350}.Debug|Any CPU.Build.0 = Debug|Any CPU
		{A26CDCCC-7743-4AF7-9CD7-E4906C88B350}.Release|Any CPU.ActiveCfg = Release|Any CPU
		{A26CDCCC-7743-4AF7-9CD7-E4906C88B350}.Release|Any CPU.Build.0 = Release|Any CPU
		{5C5A37DB-EFDE-4AD7-A7D8-4F58285E49E5}.Debug|Any CPU.ActiveCfg = Debug|Any CPU
		{5C5A37DB-EFDE-4AD7-A7D8-4F58285E49E5}.Debug|Any CPU.Build.0 = Debug|Any CPU
		{5C5A37DB-EFDE-4AD7-A7D8-4F58285E49E5}.Release|Any CPU.ActiveCfg = Release|Any CPU
		{5C5A37DB-EFDE-4AD7-A7D8-4F58285E49E5}.Release|Any CPU.Build.0 = Release|Any CPU
		{1D102F6E-2C7B-4E9A-B25D-D99515EEE2D6}.Debug|Any CPU.ActiveCfg = Debug|Any CPU
		{1D102F6E-2C7B-4E9A-B25D-D99515EEE2D6}.Debug|Any CPU.Build.0 = Debug|Any CPU
		{1D102F6E-2C7B-4E9A-B25D-D99515EEE2D6}.Release|Any CPU.ActiveCfg = Release|Any CPU
		{1D102F6E-2C7B-4E9A-B25D-D99515EEE2D6}.Release|Any CPU.Build.0 = Release|Any CPU
		{89F96E99-8DEA-4F2D-8B78-C15523ECB916}.Debug|Any CPU.ActiveCfg = Debug|Any CPU
		{89F96E99-8DEA-4F2D-8B78-C15523ECB916}.Debug|Any CPU.Build.0 = Debug|Any CPU
		{89F96E99-8DEA-4F2D-8B78-C15523ECB916}.Release|Any CPU.ActiveCfg = Release|Any CPU
		{89F96E99-8DEA-4F2D-8B78-C15523ECB916}.Release|Any CPU.Build.0 = Release|Any CPU
		{6B88C690-1619-48FA-B0C0-4CFACC7B8A4B}.Debug|Any CPU.ActiveCfg = Debug|Any CPU
		{6B88C690-1619-48FA-B0C0-4CFACC7B8A4B}.Debug|Any CPU.Build.0 = Debug|Any CPU
		{6B88C690-1619-48FA-B0C0-4CFACC7B8A4B}.Release|Any CPU.ActiveCfg = Release|Any CPU
		{6B88C690-1619-48FA-B0C0-4CFACC7B8A4B}.Release|Any CPU.Build.0 = Release|Any CPU
		{2718553C-9C9F-4BDD-99F0-427A3EA385D7}.Debug|Any CPU.ActiveCfg = Debug|Any CPU
		{2718553C-9C9F-4BDD-99F0-427A3EA385D7}.Debug|Any CPU.Build.0 = Debug|Any CPU
		{2718553C-9C9F-4BDD-99F0-427A3EA385D7}.Release|Any CPU.ActiveCfg = Release|Any CPU
		{2718553C-9C9F-4BDD-99F0-427A3EA385D7}.Release|Any CPU.Build.0 = Release|Any CPU
		{F082852B-9B18-4645-A957-FA9EBBF533C2}.Debug|Any CPU.ActiveCfg = Debug|Any CPU
		{F082852B-9B18-4645-A957-FA9EBBF533C2}.Debug|Any CPU.Build.0 = Debug|Any CPU
		{F082852B-9B18-4645-A957-FA9EBBF533C2}.Release|Any CPU.ActiveCfg = Release|Any CPU
		{F082852B-9B18-4645-A957-FA9EBBF533C2}.Release|Any CPU.Build.0 = Release|Any CPU
	EndGlobalSection
	GlobalSection(SolutionProperties) = preSolution
		HideSolutionNode = FALSE
	EndGlobalSection
	GlobalSection(ExtensibilityGlobals) = postSolution
		SolutionGuid = {512DC833-120C-463A-8937-641701FACBB2}
	EndGlobalSection
EndGlobal
